
Microsoft Visual Studio Solution File, Format Version 12.00
# Visual Studio Version 17
VisualStudioVersion = 17.10.35013.160
MinimumVisualStudioVersion = 10.0.40219.1
Project("{9A19103F-16F7-4668-BE54-9A1E7A4F7556}") = "HRIS.Server", "HRIS.Server\HRIS.Server.csproj", "{1063F8AF-0C12-4866-987A-0EBA4D9421DD}"
EndProject
Project("{54A90642-561A-4BB1-A94E-469ADEE60C69}") = "hris.client", "hris.client\hris.client.esproj", "{0F8E45D4-7A1D-4A31-AA13-F71C39DF9E7C}"
EndProject
Project("{9A19103F-16F7-4668-BE54-9A1E7A4F7556}") = "HRIS.Infrastructure", "HRIS.Infrastructure\HRIS.Infrastructure.csproj", "{F4E361BB-7BAA-4440-960E-0F08E70A7D74}"
EndProject
Project("{FAE04EC0-301F-11D3-BF4B-00C04F79EFBC}") = "HRIS.Domain", "HRIS.Domain\HRIS.Domain.csproj", "{703C1892-74A1-4D60-B254-2DAA088EF560}"
EndProject
Global
	GlobalSection(SolutionConfigurationPlatforms) = preSolution
		Debug|Any CPU = Debug|Any CPU
		Release|Any CPU = Release|Any CPU
	EndGlobalSection
	GlobalSection(ProjectConfigurationPlatforms) = postSolution
		{1063F8AF-0C12-4866-987A-0EBA4D9421DD}.Debug|Any CPU.ActiveCfg = Debug|Any CPU
		{1063F8AF-0C12-4866-987A-0EBA4D9421DD}.Debug|Any CPU.Build.0 = Debug|Any CPU
		{1063F8AF-0C12-4866-987A-0EBA4D9421DD}.Release|Any CPU.ActiveCfg = Release|Any CPU
		{1063F8AF-0C12-4866-987A-0EBA4D9421DD}.Release|Any CPU.Build.0 = Release|Any CPU
		{0F8E45D4-7A1D-4A31-AA13-F71C39DF9E7C}.Debug|Any CPU.ActiveCfg = Debug|Any CPU
		{0F8E45D4-7A1D-4A31-AA13-F71C39DF9E7C}.Debug|Any CPU.Build.0 = Debug|Any CPU
		{0F8E45D4-7A1D-4A31-AA13-F71C39DF9E7C}.Debug|Any CPU.Deploy.0 = Debug|Any CPU
		{0F8E45D4-7A1D-4A31-AA13-F71C39DF9E7C}.Release|Any CPU.ActiveCfg = Release|Any CPU
		{0F8E45D4-7A1D-4A31-AA13-F71C39DF9E7C}.Release|Any CPU.Build.0 = Release|Any CPU
		{0F8E45D4-7A1D-4A31-AA13-F71C39DF9E7C}.Release|Any CPU.Deploy.0 = Release|Any CPU
		{F4E361BB-7BAA-4440-960E-0F08E70A7D74}.Debug|Any CPU.ActiveCfg = Debug|Any CPU
		{F4E361BB-7BAA-4440-960E-0F08E70A7D74}.Debug|Any CPU.Build.0 = Debug|Any CPU
		{F4E361BB-7BAA-4440-960E-0F08E70A7D74}.Release|Any CPU.ActiveCfg = Release|Any CPU
		{F4E361BB-7BAA-4440-960E-0F08E70A7D74}.Release|Any CPU.Build.0 = Release|Any CPU
		{703C1892-74A1-4D60-B254-2DAA088EF560}.Debug|Any CPU.ActiveCfg = Debug|Any CPU
		{703C1892-74A1-4D60-B254-2DAA088EF560}.Debug|Any CPU.Build.0 = Debug|Any CPU
		{703C1892-74A1-4D60-B254-2DAA088EF560}.Release|Any CPU.ActiveCfg = Release|Any CPU
		{703C1892-74A1-4D60-B254-2DAA088EF560}.Release|Any CPU.Build.0 = Release|Any CPU
	EndGlobalSection
	GlobalSection(SolutionProperties) = preSolution
		HideSolutionNode = FALSE
	EndGlobalSection
	GlobalSection(ExtensibilityGlobals) = postSolution
		SolutionGuid = {3DE14512-6D11-4C58-BA49-7825D44C7E2C}
	EndGlobalSection
EndGlobal
